// !$*UTF8*$!
{
	archiveVersion = 1;
	classes = {
	};
	objectVersion = 48;
	objects = {

/* Begin PBXBuildFile section */
		3A39C7FB20502D0C00285BEF /* AppDelegate.swift in Sources */ = {isa = PBXBuildFile; fileRef = 3A39C7FA20502D0C00285BEF /* AppDelegate.swift */; };
		3A39C7FD20502D0C00285BEF /* MapViewController.swift in Sources */ = {isa = PBXBuildFile; fileRef = 3A39C7FC20502D0C00285BEF /* MapViewController.swift */; };
		3A39C80020502D0C00285BEF /* Main.storyboard in Resources */ = {isa = PBXBuildFile; fileRef = 3A39C7FE20502D0C00285BEF /* Main.storyboard */; };
		3A39C80320502D0C00285BEF /* covfefeRate.xcdatamodeld in Sources */ = {isa = PBXBuildFile; fileRef = 3A39C80120502D0C00285BEF /* covfefeRate.xcdatamodeld */; };
		3A39C80520502D0C00285BEF /* Assets.xcassets in Resources */ = {isa = PBXBuildFile; fileRef = 3A39C80420502D0C00285BEF /* Assets.xcassets */; };
		3A39C80820502D0C00285BEF /* LaunchScreen.storyboard in Resources */ = {isa = PBXBuildFile; fileRef = 3A39C80620502D0C00285BEF /* LaunchScreen.storyboard */; };
		3A43D754205097FB00C64D81 /* APIconnector.swift in Sources */ = {isa = PBXBuildFile; fileRef = 3A43D753205097FB00C64D81 /* APIconnector.swift */; };
		3A43D75720509D6400C64D81 /* MapKit.framework in Frameworks */ = {isa = PBXBuildFile; fileRef = 3A43D75620509D6400C64D81 /* MapKit.framework */; };
		3A43D7592050A06000C64D81 /* ListViewController.swift in Sources */ = {isa = PBXBuildFile; fileRef = 3A43D7582050A06000C64D81 /* ListViewController.swift */; };
		3A43D75B2050A0FD00C64D81 /* AddViewController.swift in Sources */ = {isa = PBXBuildFile; fileRef = 3A43D75A2050A0FD00C64D81 /* AddViewController.swift */; };
		3A43D75D2052D1B800C64D81 /* CovfefeShopAnnotation.swift in Sources */ = {isa = PBXBuildFile; fileRef = 3A43D75C2052D1B800C64D81 /* CovfefeShopAnnotation.swift */; };
/* End PBXBuildFile section */

/* Begin PBXFileReference section */
		3A39C7F720502D0C00285BEF /* covfefeRate.app */ = {isa = PBXFileReference; explicitFileType = wrapper.application; includeInIndex = 0; path = covfefeRate.app; sourceTree = BUILT_PRODUCTS_DIR; };
		3A39C7FA20502D0C00285BEF /* AppDelegate.swift */ = {isa = PBXFileReference; lastKnownFileType = sourcecode.swift; path = AppDelegate.swift; sourceTree = "<group>"; };
		3A39C7FC20502D0C00285BEF /* MapViewController.swift */ = {isa = PBXFileReference; lastKnownFileType = sourcecode.swift; path = MapViewController.swift; sourceTree = "<group>"; };
		3A39C7FF20502D0C00285BEF /* Base */ = {isa = PBXFileReference; lastKnownFileType = file.storyboard; name = Base; path = Base.lproj/Main.storyboard; sourceTree = "<group>"; };
		3A39C80220502D0C00285BEF /* covfefeRate.xcdatamodel */ = {isa = PBXFileReference; lastKnownFileType = wrapper.xcdatamodel; path = covfefeRate.xcdatamodel; sourceTree = "<group>"; };
		3A39C80420502D0C00285BEF /* Assets.xcassets */ = {isa = PBXFileReference; lastKnownFileType = folder.assetcatalog; path = Assets.xcassets; sourceTree = "<group>"; };
		3A39C80720502D0C00285BEF /* Base */ = {isa = PBXFileReference; lastKnownFileType = file.storyboard; name = Base; path = Base.lproj/LaunchScreen.storyboard; sourceTree = "<group>"; };
		3A39C80920502D0C00285BEF /* Info.plist */ = {isa = PBXFileReference; lastKnownFileType = text.plist.xml; path = Info.plist; sourceTree = "<group>"; };
		3A43D753205097FB00C64D81 /* APIconnector.swift */ = {isa = PBXFileReference; lastKnownFileType = sourcecode.swift; path = APIconnector.swift; sourceTree = "<group>"; };
		3A43D75620509D6400C64D81 /* MapKit.framework */ = {isa = PBXFileReference; lastKnownFileType = wrapper.framework; name = MapKit.framework; path = System/Library/Frameworks/MapKit.framework; sourceTree = SDKROOT; };
		3A43D7582050A06000C64D81 /* ListViewController.swift */ = {isa = PBXFileReference; lastKnownFileType = sourcecode.swift; path = ListViewController.swift; sourceTree = "<group>"; };
		3A43D75A2050A0FD00C64D81 /* AddViewController.swift */ = {isa = PBXFileReference; lastKnownFileType = sourcecode.swift; path = AddViewController.swift; sourceTree = "<group>"; };
		3A43D75C2052D1B800C64D81 /* CovfefeShopAnnotation.swift */ = {isa = PBXFileReference; lastKnownFileType = sourcecode.swift; path = CovfefeShopAnnotation.swift; sourceTree = "<group>"; };
/* End PBXFileReference section */

/* Begin PBXFrameworksBuildPhase section */
		3A39C7F420502D0C00285BEF /* Frameworks */ = {
			isa = PBXFrameworksBuildPhase;
			buildActionMask = 2147483647;
			files = (
				3A43D75720509D6400C64D81 /* MapKit.framework in Frameworks */,
			);
			runOnlyForDeploymentPostprocessing = 0;
		};
/* End PBXFrameworksBuildPhase section */

/* Begin PBXGroup section */
		3A39C7EE20502D0C00285BEF = {
			isa = PBXGroup;
			children = (
				3A39C7F920502D0C00285BEF /* covfefeRate */,
				3A39C7F820502D0C00285BEF /* Products */,
				3A43D75520509D6400C64D81 /* Frameworks */,
			);
			sourceTree = "<group>";
		};
		3A39C7F820502D0C00285BEF /* Products */ = {
			isa = PBXGroup;
			children = (
				3A39C7F720502D0C00285BEF /* covfefeRate.app */,
			);
			name = Products;
			sourceTree = "<group>";
		};
		3A39C7F920502D0C00285BEF /* covfefeRate */ = {
			isa = PBXGroup;
			children = (
				3A43D75C2052D1B800C64D81 /* CovfefeShopAnnotation.swift */,
				3A39C7FA20502D0C00285BEF /* AppDelegate.swift */,
				3A39C7FC20502D0C00285BEF /* MapViewController.swift */,
				3A43D75A2050A0FD00C64D81 /* AddViewController.swift */,
				3A39C7FE20502D0C00285BEF /* Main.storyboard */,
				3A39C80420502D0C00285BEF /* Assets.xcassets */,
				3A39C80620502D0C00285BEF /* LaunchScreen.storyboard */,
				3A39C80920502D0C00285BEF /* Info.plist */,
				3A39C80120502D0C00285BEF /* covfefeRate.xcdatamodeld */,
				3A43D753205097FB00C64D81 /* APIconnector.swift */,
				3A43D7582050A06000C64D81 /* ListViewController.swift */,
			);
			path = covfefeRate;
			sourceTree = "<group>";
		};
		3A43D75520509D6400C64D81 /* Frameworks */ = {
			isa = PBXGroup;
			children = (
				3A43D75620509D6400C64D81 /* MapKit.framework */,
			);
			name = Frameworks;
			sourceTree = "<group>";
		};
/* End PBXGroup section */

/* Begin PBXNativeTarget section */
		3A39C7F620502D0C00285BEF /* covfefeRate */ = {
			isa = PBXNativeTarget;
			buildConfigurationList = 3A39C80C20502D0C00285BEF /* Build configuration list for PBXNativeTarget "covfefeRate" */;
			buildPhases = (
				3A39C7F320502D0C00285BEF /* Sources */,
				3A39C7F420502D0C00285BEF /* Frameworks */,
				3A39C7F520502D0C00285BEF /* Resources */,
			);
			buildRules = (
			);
			dependencies = (
			);
			name = covfefeRate;
			productName = covfefeRate;
			productReference = 3A39C7F720502D0C00285BEF /* covfefeRate.app */;
			productType = "com.apple.product-type.application";
		};
/* End PBXNativeTarget section */

/* Begin PBXProject section */
		3A39C7EF20502D0C00285BEF /* Project object */ = {
			isa = PBXProject;
			attributes = {
				LastSwiftUpdateCheck = 0920;
				LastUpgradeCheck = 0920;
				ORGANIZATIONNAME = "Garrett Battaglia";
				TargetAttributes = {
					3A39C7F620502D0C00285BEF = {
						CreatedOnToolsVersion = 9.2;
						ProvisioningStyle = Automatic;
						SystemCapabilities = {
							com.apple.Maps.iOS = {
								enabled = 1;
							};
						};
					};
				};
			};
			buildConfigurationList = 3A39C7F220502D0C00285BEF /* Build configuration list for PBXProject "covfefeRate" */;
			compatibilityVersion = "Xcode 8.0";
			developmentRegion = en;
			hasScannedForEncodings = 0;
			knownRegions = (
				en,
				Base,
			);
			mainGroup = 3A39C7EE20502D0C00285BEF;
			productRefGroup = 3A39C7F820502D0C00285BEF /* Products */;
			projectDirPath = "";
			projectRoot = "";
			targets = (
				3A39C7F620502D0C00285BEF /* covfefeRate */,
			);
		};
/* End PBXProject section */

/* Begin PBXResourcesBuildPhase section */
		3A39C7F520502D0C00285BEF /* Resources */ = {
			isa = PBXResourcesBuildPhase;
			buildActionMask = 2147483647;
			files = (
				3A39C80820502D0C00285BEF /* LaunchScreen.storyboard in Resources */,
				3A39C80520502D0C00285BEF /* Assets.xcassets in Resources */,
				3A39C80020502D0C00285BEF /* Main.storyboard in Resources */,
			);
			runOnlyForDeploymentPostprocessing = 0;
		};
/* End PBXResourcesBuildPhase section */

/* Begin PBXSourcesBuildPhase section */
		3A39C7F320502D0C00285BEF /* Sources */ = {
			isa = PBXSourcesBuildPhase;
			buildActionMask = 2147483647;
			files = (
				3A39C7FD20502D0C00285BEF /* MapViewController.swift in Sources */,
				3A39C7FB20502D0C00285BEF /* AppDelegate.swift in Sources */,
				3A43D75B2050A0FD00C64D81 /* AddViewController.swift in Sources */,
				3A43D754205097FB00C64D81 /* APIconnector.swift in Sources */,
				3A43D75D2052D1B800C64D81 /* CovfefeShopAnnotation.swift in Sources */,
				3A43D7592050A06000C64D81 /* ListViewController.swift in Sources */,
				3A39C80320502D0C00285BEF /* covfefeRate.xcdatamodeld in Sources */,
			);
			runOnlyForDeploymentPostprocessing = 0;
		};
/* End PBXSourcesBuildPhase section */

/* Begin PBXVariantGroup section */
		3A39C7FE20502D0C00285BEF /* Main.storyboard */ = {
			isa = PBXVariantGroup;
			children = (
				3A39C7FF20502D0C00285BEF /* Base */,
			);
			name = Main.storyboard;
			sourceTree = "<group>";
		};
		3A39C80620502D0C00285BEF /* LaunchScreen.storyboard */ = {
			isa = PBXVariantGroup;
			children = (
				3A39C80720502D0C00285BEF /* Base */,
			);
			name = LaunchScreen.storyboard;
			sourceTree = "<group>";
		};
/* End PBXVariantGroup section */

/* Begin XCBuildConfiguration section */
		3A39C80A20502D0C00285BEF /* Debug */ = {
			isa = XCBuildConfiguration;
			buildSettings = {
				ALWAYS_SEARCH_USER_PATHS = NO;
				CLANG_ANALYZER_NONNULL = YES;
				CLANG_ANALYZER_NUMBER_OBJECT_CONVERSION = YES_AGGRESSIVE;
				CLANG_CXX_LANGUAGE_STANDARD = "gnu++14";
				CLANG_CXX_LIBRARY = "libc++";
				CLANG_ENABLE_MODULES = YES;
				CLANG_ENABLE_OBJC_ARC = YES;
				CLANG_WARN_BLOCK_CAPTURE_AUTORELEASING = YES;
				CLANG_WARN_BOOL_CONVERSION = YES;
				CLANG_WARN_COMMA = YES;
				CLANG_WARN_CONSTANT_CONVERSION = YES;
				CLANG_WARN_DIRECT_OBJC_ISA_USAGE = YES_ERROR;
				CLANG_WARN_DOCUMENTATION_COMMENTS = YES;
				CLANG_WARN_EMPTY_BODY = YES;
				CLANG_WARN_ENUM_CONVERSION = YES;
				CLANG_WARN_INFINITE_RECURSION = YES;
				CLANG_WARN_INT_CONVERSION = YES;
				CLANG_WARN_NON_LITERAL_NULL_CONVERSION = YES;
				CLANG_WARN_OBJC_LITERAL_CONVERSION = YES;
				CLANG_WARN_OBJC_ROOT_CLASS = YES_ERROR;
				CLANG_WARN_RANGE_LOOP_ANALYSIS = YES;
				CLANG_WARN_STRICT_PROTOTYPES = YES;
				CLANG_WARN_SUSPICIOUS_MOVE = YES;
				CLANG_WARN_UNGUARDED_AVAILABILITY = YES_AGGRESSIVE;
				CLANG_WARN_UNREACHABLE_CODE = YES;
				CLANG_WARN__DUPLICATE_METHOD_MATCH = YES;
				CODE_SIGN_IDENTITY = "iPhone Developer";
				COPY_PHASE_STRIP = NO;
				DEBUG_INFORMATION_FORMAT = dwarf;
				ENABLE_STRICT_OBJC_MSGSEND = YES;
				ENABLE_TESTABILITY = YES;
				GCC_C_LANGUAGE_STANDARD = gnu11;
				GCC_DYNAMIC_NO_PIC = NO;
				GCC_NO_COMMON_BLOCKS = YES;
				GCC_OPTIMIZATION_LEVEL = 0;
				GCC_PREPROCESSOR_DEFINITIONS = (
					"DEBUG=1",
					"$(inherited)",
				);
				GCC_WARN_64_TO_32_BIT_CONVERSION = YES;
				GCC_WARN_ABOUT_RETURN_TYPE = YES_ERROR;
				GCC_WARN_UNDECLARED_SELECTOR = YES;
				GCC_WARN_UNINITIALIZED_AUTOS = YES_AGGRESSIVE;
				GCC_WARN_UNUSED_FUNCTION = YES;
				GCC_WARN_UNUSED_VARIABLE = YES;
				IPHONEOS_DEPLOYMENT_TARGET = 11.2;
				MTL_ENABLE_DEBUG_INFO = YES;
				ONLY_ACTIVE_ARCH = YES;
				SDKROOT = iphoneos;
				SWIFT_ACTIVE_COMPILATION_CONDITIONS = DEBUG;
				SWIFT_OPTIMIZATION_LEVEL = "-Onone";
			};
			name = Debug;
		};
		3A39C80B20502D0C00285BEF /* Release */ = {
			isa = XCBuildConfiguration;
			buildSettings = {
				ALWAYS_SEARCH_USER_PATHS = NO;
				CLANG_ANALYZER_NONNULL = YES;
				CLANG_ANALYZER_NUMBER_OBJECT_CONVERSION = YES_AGGRESSIVE;
				CLANG_CXX_LANGUAGE_STANDARD = "gnu++14";
				CLANG_CXX_LIBRARY = "libc++";
				CLANG_ENABLE_MODULES = YES;
				CLANG_ENABLE_OBJC_ARC = YES;
				CLANG_WARN_BLOCK_CAPTURE_AUTORELEASING = YES;
				CLANG_WARN_BOOL_CONVERSION = YES;
				CLANG_WARN_COMMA = YES;
				CLANG_WARN_CONSTANT_CONVERSION = YES;
				CLANG_WARN_DIRECT_OBJC_ISA_USAGE = YES_ERROR;
				CLANG_WARN_DOCUMENTATION_COMMENTS = YES;
				CLANG_WARN_EMPTY_BODY = YES;
				CLANG_WARN_ENUM_CONVERSION = YES;
				CLANG_WARN_INFINITE_RECURSION = YES;
				CLANG_WARN_INT_CONVERSION = YES;
				CLANG_WARN_NON_LITERAL_NULL_CONVERSION = YES;
				CLANG_WARN_OBJC_LITERAL_CONVERSION = YES;
				CLANG_WARN_OBJC_ROOT_CLASS = YES_ERROR;
				CLANG_WARN_RANGE_LOOP_ANALYSIS = YES;
				CLANG_WARN_STRICT_PROTOTYPES = YES;
				CLANG_WARN_SUSPICIOUS_MOVE = YES;
				CLANG_WARN_UNGUARDED_AVAILABILITY = YES_AGGRESSIVE;
				CLANG_WARN_UNREACHABLE_CODE = YES;
				CLANG_WARN__DUPLICATE_METHOD_MATCH = YES;
				CODE_SIGN_IDENTITY = "iPhone Developer";
				COPY_PHASE_STRIP = NO;
				DEBUG_INFORMATION_FORMAT = "dwarf-with-dsym";
				ENABLE_NS_ASSERTIONS = NO;
				ENABLE_STRICT_OBJC_MSGSEND = YES;
				GCC_C_LANGUAGE_STANDARD = gnu11;
				GCC_NO_COMMON_BLOCKS = YES;
				GCC_WARN_64_TO_32_BIT_CONVERSION = YES;
				GCC_WARN_ABOUT_RETURN_TYPE = YES_ERROR;
				GCC_WARN_UNDECLARED_SELECTOR = YES;
				GCC_WARN_UNINITIALIZED_AUTOS = YES_AGGRESSIVE;
				GCC_WARN_UNUSED_FUNCTION = YES;
				GCC_WARN_UNUSED_VARIABLE = YES;
				IPHONEOS_DEPLOYMENT_TARGET = 11.2;
				MTL_ENABLE_DEBUG_INFO = NO;
				SDKROOT = iphoneos;
				SWIFT_OPTIMIZATION_LEVEL = "-Owholemodule";
				VALIDATE_PRODUCT = YES;
			};
			name = Release;
		};
		3A39C80D20502D0C00285BEF /* Debug */ = {
			isa = XCBuildConfiguration;
			buildSettings = {
				ASSETCATALOG_COMPILER_APPICON_NAME = AppIcon;
				CODE_SIGN_STYLE = Automatic;
				DEVELOPMENT_TEAM = 84QYXWUEAY;
				INFOPLIST_FILE = covfefeRate/Info.plist;
				LD_RUNPATH_SEARCH_PATHS = "$(inherited) @executable_path/Frameworks";
				PRODUCT_BUNDLE_IDENTIFIER = com.gwoplock.covfefeRate;
				PRODUCT_NAME = "$(TARGET_NAME)";
				SWIFT_VERSION = 4.0;
				TARGETED_DEVICE_FAMILY = "1,2";
			};
			name = Debug;
		};
		3A39C80E20502D0C00285BEF /* Release */ = {
			isa = XCBuildConfiguration;
			buildSettings = {
				ASSETCATALOG_COMPILER_APPICON_NAME = AppIcon;
				CODE_SIGN_STYLE = Automatic;
				DEVELOPMENT_TEAM = 84QYXWUEAY;
				INFOPLIST_FILE = covfefeRate/Info.plist;
				LD_RUNPATH_SEARCH_PATHS = "$(inherited) @executable_path/Frameworks";
				PRODUCT_BUNDLE_IDENTIFIER = com.gwoplock.covfefeRate;
				PRODUCT_NAME = "$(TARGET_NAME)";
				SWIFT_VERSION = 4.0;
				TARGETED_DEVICE_FAMILY = "1,2";
			};
			name = Release;
		};
/* End XCBuildConfiguration section */

/* Begin XCConfigurationList section */
		3A39C7F220502D0C00285BEF /* Build configuration list for PBXProject "covfefeRate" */ = {
			isa = XCConfigurationList;
			buildConfigurations = (
				3A39C80A20502D0C00285BEF /* Debug */,
				3A39C80B20502D0C00285BEF /* Release */,
			);
			defaultConfigurationIsVisible = 0;
			defaultConfigurationName = Release;
		};
		3A39C80C20502D0C00285BEF /* Build configuration list for PBXNativeTarget "covfefeRate" */ = {
			isa = XCConfigurationList;
			buildConfigurations = (
				3A39C80D20502D0C00285BEF /* Debug */,
				3A39C80E20502D0C00285BEF /* Release */,
			);
			defaultConfigurationIsVisible = 0;
			defaultConfigurationName = Release;
		};
/* End XCConfigurationList section */

/* Begin XCVersionGroup section */
		3A39C80120502D0C00285BEF /* covfefeRate.xcdatamodeld */ = {
			isa = XCVersionGroup;
			children = (
				3A39C80220502D0C00285BEF /* covfefeRate.xcdatamodel */,
			);
			currentVersion = 3A39C80220502D0C00285BEF /* covfefeRate.xcdatamodel */;
			path = covfefeRate.xcdatamodeld;
			sourceTree = "<group>";
			versionGroupType = wrapper.xcdatamodel;
		};
/* End XCVersionGroup section */
	};
	rootObject = 3A39C7EF20502D0C00285BEF /* Project object */;
}
